<?xml version="1.0" encoding="utf-8"?>
<Project ToolsVersion="4.0" xmlns="http://schemas.microsoft.com/developer/msbuild/2003">
  <ItemGroup>
    <Filter Include="Source Files">
      <UniqueIdentifier>{4FC737F1-C7A5-4376-A066-2A32D752A2FF}</UniqueIdentifier>
      <Extensions>cpp;c;cc;cxx;def;odl;idl;hpj;bat;asm;asmx;h;hpp</Extensions>
    </Filter>
    <Filter Include="Resource Files">
      <UniqueIdentifier>{67DA6AB6-F800-4c08-8B7A-83BB121AAD01}</UniqueIdentifier>
      <Extensions>rc;ico;cur;bmp;dlg;rc2;rct;bin;rgs;gif;jpg;jpeg;jpe;resx;tiff;tif;png;wav</Extensions>
    </Filter>
    <Filter Include="Notepad++">
      <UniqueIdentifier>{e41639c8-40b9-4510-beb9-a9532e3042df}</UniqueIdentifier>
    </Filter>
    <Filter Include="Docking Dialogue Interface">
      <UniqueIdentifier>{661a6974-3605-4667-a753-e1031d8e0d5d}</UniqueIdentifier>
    </Filter>
    <Filter Include="Notepad++\DockingFeature">
      <UniqueIdentifier>{920caa76-4406-4c90-b6a5-d9fc88287be5}</UniqueIdentifier>
    </Filter>
  </ItemGroup>
  <ItemGroup>
    <ClCompile Include="src\Clipboard.cpp">
      <Filter>Source Files</Filter>
    </ClCompile>
    <ClCompile Include="src\DockingDlgInterface.cpp">
      <Filter>Source Files</Filter>
    </ClCompile>
    <ClCompile Include="src\DomDocument.cpp">
      <Filter>Source Files</Filter>
    </ClCompile>
    <ClCompile Include="src\encoding.cpp">
      <Filter>Source Files</Filter>
    </ClCompile>
    <ClCompile Include="src\file.cpp">
      <Filter>Source Files</Filter>
    </ClCompile>
    <ClCompile Include="src\FilePipe.cpp">
      <Filter>Source Files</Filter>
    </ClCompile>
    <ClCompile Include="src\HandleWrapper.cpp">
      <Filter>Source Files</Filter>
    </ClCompile>
    <ClCompile Include="src\linter.cpp">
      <Filter>Source Files</Filter>
    </ClCompile>
    <ClCompile Include="src\OutputDialog.cpp">
      <Filter>Source Files</Filter>
    </ClCompile>
    <ClCompile Include="src\plugin_main.cpp">
      <Filter>Source Files</Filter>
    </ClCompile>
    <ClCompile Include="src\Settings.cpp">
      <Filter>Source Files</Filter>
    </ClCompile>
    <ClCompile Include="src\stdafx.cpp">
      <Filter>Source Files</Filter>
    </ClCompile>
    <ClCompile Include="src\SystemError.cpp">
      <Filter>Source Files</Filter>
    </ClCompile>
    <ClCompile Include="src\XmlDecodeException.cpp">
      <Filter>Source Files</Filter>
    </ClCompile>
    <ClCompile Include="src\XmlParser.cpp">
      <Filter>Source Files</Filter>
    </ClCompile>
    <ClCompile Include="Docking_Dialogue_Interface\Plugin\Dialogue_Interface.cpp">
      <Filter>Docking Dialogue Interface</Filter>
    </ClCompile>
    <ClCompile Include="Docking_Dialogue_Interface\Plugin\Docking_Dialogue_Interface.cpp">
      <Filter>Docking Dialogue Interface</Filter>
    </ClCompile>
    <ClCompile Include="Docking_Dialogue_Interface\Plugin\Modal_Dialogue_Interface.cpp">
      <Filter>Docking Dialogue Interface</Filter>
    </ClCompile>
    <ClCompile Include="Docking_Dialogue_Interface\Plugin\Non_Modal_Dialogue_Base.cpp">
      <Filter>Docking Dialogue Interface</Filter>
    </ClCompile>
    <ClCompile Include="Docking_Dialogue_Interface\Plugin\Non_Modal_Dialogue_Interface.cpp">
      <Filter>Docking Dialogue Interface</Filter>
    </ClCompile>
    <ClCompile Include="Docking_Dialogue_Interface\Plugin\Plugin.cpp">
      <Filter>Docking Dialogue Interface</Filter>
    </ClCompile>
    <ClCompile Include="src\dllmain.cpp">
      <Filter>Source Files</Filter>
    </ClCompile>
  </ItemGroup>
  <ItemGroup>
    <ClInclude Include="DomDocument.h">
      <Filter>Header Files</Filter>
    </ClInclude>
    <ClInclude Include="src\Clipboard.h">
      <Filter>Source Files</Filter>
    </ClInclude>
    <ClInclude Include="src\DockingDlgInterface.h">
      <Filter>Source Files</Filter>
    </ClInclude>
    <ClInclude Include="src\DomDocument.h">
      <Filter>Source Files</Filter>
    </ClInclude>
    <ClInclude Include="src\encoding.h">
      <Filter>Source Files</Filter>
    </ClInclude>
    <ClInclude Include="src\file.h">
      <Filter>Source Files</Filter>
    </ClInclude>
    <ClInclude Include="src\FilePipe.h">
      <Filter>Source Files</Filter>
    </ClInclude>
    <ClInclude Include="src\HandleWrapper.h">
      <Filter>Source Files</Filter>
    </ClInclude>
    <ClInclude Include="src\linter.h">
      <Filter>Source Files</Filter>
    </ClInclude>
    <ClInclude Include="src\OutputDialog.h">
      <Filter>Source Files</Filter>
    </ClInclude>
    <ClInclude Include="src\plugin_main.h">
      <Filter>Source Files</Filter>
    </ClInclude>
    <ClInclude Include="src\Settings.h">
      <Filter>Source Files</Filter>
    </ClInclude>
    <ClInclude Include="src\SourceLocation.h">
      <Filter>Source Files</Filter>
    </ClInclude>
    <ClInclude Include="src\stdafx.h">
      <Filter>Source Files</Filter>
    </ClInclude>
    <ClInclude Include="src\SystemError.h">
      <Filter>Source Files</Filter>
    </ClInclude>
    <ClInclude Include="src\targetver.h">
      <Filter>Source Files</Filter>
    </ClInclude>
    <ClInclude Include="src\XmlDecodeException.h">
      <Filter>Source Files</Filter>
    </ClInclude>
    <ClInclude Include="src\XmlParser.h">
      <Filter>Source Files</Filter>
    </ClInclude>
    <ClInclude Include="src\resource.h">
      <Filter>Resource Files</Filter>
    </ClInclude>
    <ClInclude Include="Docking_Dialogue_Interface\Plugin\Callback_Context.h">
      <Filter>Docking Dialogue Interface</Filter>
    </ClInclude>
    <ClInclude Include="Docking_Dialogue_Interface\Plugin\Dialogue_Interface.h">
      <Filter>Docking Dialogue Interface</Filter>
    </ClInclude>
    <ClInclude Include="Docking_Dialogue_Interface\Plugin\Docking_Dialogue_Interface.h">
      <Filter>Docking Dialogue Interface</Filter>
    </ClInclude>
    <ClInclude Include="Docking_Dialogue_Interface\Plugin\Min_Win_Defs.h">
      <Filter>Docking Dialogue Interface</Filter>
    </ClInclude>
    <ClInclude Include="Docking_Dialogue_Interface\Plugin\Modal_Dialogue_Interface.h">
      <Filter>Docking Dialogue Interface</Filter>
    </ClInclude>
    <ClInclude Include="Docking_Dialogue_Interface\Plugin\Non_Modal_Dialogue_Base.h">
      <Filter>Docking Dialogue Interface</Filter>
    </ClInclude>
    <ClInclude Include="Docking_Dialogue_Interface\Plugin\Non_Modal_Dialogue_Interface.h">
      <Filter>Docking Dialogue Interface</Filter>
    </ClInclude>
    <ClInclude Include="Docking_Dialogue_Interface\Plugin\Plugin.h">
      <Filter>Docking Dialogue Interface</Filter>
    </ClInclude>
    <ClInclude Include="Docking_Dialogue_Interface\notepad++\menuCmdID.h">
      <Filter>Notepad++</Filter>
    </ClInclude>
    <ClInclude Include="Docking_Dialogue_Interface\notepad++\Notepad_plus_msgs.h">
      <Filter>Notepad++</Filter>
    </ClInclude>
    <ClInclude Include="Docking_Dialogue_Interface\notepad++\PluginInterface.h">
      <Filter>Notepad++</Filter>
    </ClInclude>
    <ClInclude Include="Docking_Dialogue_Interface\notepad++\Scintilla.h">
      <Filter>Notepad++</Filter>
    </ClInclude>
    <ClInclude Include="Docking_Dialogue_Interface\notepad++\DockingFeature\Docking.h">
      <Filter>Notepad++\DockingFeature</Filter>
    </ClInclude>
    <ClInclude Include="Docking_Dialogue_Interface\notepad++\DockingFeature\dockingResource.h">
      <Filter>Notepad++\DockingFeature</Filter>
    </ClInclude>
  </ItemGroup>
  <ItemGroup>
    <ResourceCompile Include="src\Resource.rc">
      <Filter>Resource Files</Filter>
    </ResourceCompile>
  </ItemGroup>
  <ItemGroup>
    <None Include="cpp.hint" />
  </ItemGroup>
  <ItemGroup>
    <Image Include="src\linter.ico">
      <Filter>Resource Files</Filter>
    </Image>
  </ItemGroup>
</Project>