<?xml version="1.0" encoding="utf-8"?>
<Project ToolsVersion="4.0" xmlns="http://schemas.microsoft.com/developer/msbuild/2003">
  <ItemGroup>
    <Filter Include="Source Files">
      <UniqueIdentifier>{4FC737F1-C7A5-4376-A066-2A32D752A2FF}</UniqueIdentifier>
      <Extensions>cpp;c;cc;cxx;def;odl;idl;hpj;bat;asm;asmx;h;hpp</Extensions>
    </Filter>
    <Filter Include="Resource Files">
      <UniqueIdentifier>{67DA6AB6-F800-4c08-8B7A-83BB121AAD01}</UniqueIdentifier>
      <Extensions>rc;ico;cur;bmp;dlg;rc2;rct;bin;rgs;gif;jpg;jpeg;jpe;resx;tiff;tif;png;wav</Extensions>
    </Filter>
    <Filter Include="Github">
      <UniqueIdentifier>{eda482d2-691b-4114-be75-a291c26e485e}</UniqueIdentifier>
    </Filter>
    <Filter Include="Github\Workflows">
      <UniqueIdentifier>{b77a3c65-5fce-479d-9189-7c962375a179}</UniqueIdentifier>
    </Filter>
    <Filter Include="Git Submodules">
      <UniqueIdentifier>{b1a584e4-f783-45ee-a49c-0d03932d9bbe}</UniqueIdentifier>
    </Filter>
    <Filter Include="Git Submodules\Docking Dialogue Interface">
      <UniqueIdentifier>{661a6974-3605-4667-a753-e1031d8e0d5d}</UniqueIdentifier>
    </Filter>
    <Filter Include="Git Submodules\Notepad++">
      <UniqueIdentifier>{e41639c8-40b9-4510-beb9-a9532e3042df}</UniqueIdentifier>
    </Filter>
    <Filter Include="Git Submodules\Notepad++\DockingFeature">
      <UniqueIdentifier>{920caa76-4406-4c90-b6a5-d9fc88287be5}</UniqueIdentifier>
    </Filter>
    <Filter Include="Tools">
      <UniqueIdentifier>{ede8516c-f06b-48fa-a025-d6c5f716e506}</UniqueIdentifier>
    </Filter>
  </ItemGroup>
  <ItemGroup>
    <ClCompile Include="src\Clipboard.cpp">
      <Filter>Source Files</Filter>
    </ClCompile>
    <ClCompile Include="src\Dom_Document.cpp">
      <Filter>Source Files</Filter>
    </ClCompile>
    <ClCompile Include="src\Encoding.cpp">
      <Filter>Source Files</Filter>
    </ClCompile>
    <ClCompile Include="src\File_Linter.cpp">
      <Filter>Source Files</Filter>
    </ClCompile>
    <ClCompile Include="src\Child_Pipe.cpp">
      <Filter>Source Files</Filter>
    </ClCompile>
    <ClCompile Include="src\Handle_Wrapper.cpp">
      <Filter>Source Files</Filter>
    </ClCompile>
    <ClCompile Include="src\Linter.cpp">
      <Filter>Source Files</Filter>
    </ClCompile>
    <ClCompile Include="src\Output_Dialogue.cpp">
      <Filter>Source Files</Filter>
    </ClCompile>
    <ClCompile Include="src\Settings.cpp">
      <Filter>Source Files</Filter>
    </ClCompile>
    <ClCompile Include="src\stdafx.cpp">
      <Filter>Source Files</Filter>
    </ClCompile>
    <ClCompile Include="src\System_Error.cpp">
      <Filter>Source Files</Filter>
    </ClCompile>
    <ClCompile Include="src\XML_Decode_Error.cpp">
      <Filter>Source Files</Filter>
    </ClCompile>
    <ClCompile Include="src\CheckStyle_Parser.cpp">
      <Filter>Source Files</Filter>
    </ClCompile>
    <ClCompile Include="Docking_Dialogue_Interface\Plugin\Dialogue_Interface.cpp">
      <Filter>Git Submodules\Docking Dialogue Interface</Filter>
    </ClCompile>
    <ClCompile Include="Docking_Dialogue_Interface\Plugin\Docking_Dialogue_Interface.cpp">
      <Filter>Git Submodules\Docking Dialogue Interface</Filter>
    </ClCompile>
    <ClCompile Include="Docking_Dialogue_Interface\Plugin\Modal_Dialogue_Interface.cpp">
      <Filter>Git Submodules\Docking Dialogue Interface</Filter>
    </ClCompile>
    <ClCompile Include="Docking_Dialogue_Interface\Plugin\Non_Modal_Dialogue_Base.cpp">
      <Filter>Git Submodules\Docking Dialogue Interface</Filter>
    </ClCompile>
    <ClCompile Include="Docking_Dialogue_Interface\Plugin\Non_Modal_Dialogue_Interface.cpp">
      <Filter>Git Submodules\Docking Dialogue Interface</Filter>
    </ClCompile>
    <ClCompile Include="Docking_Dialogue_Interface\Plugin\Plugin.cpp">
      <Filter>Git Submodules\Docking Dialogue Interface</Filter>
    </ClCompile>
    <ClCompile Include="src\dllmain.cpp">
      <Filter>Source Files</Filter>
    </ClCompile>
    <ClCompile Include="src\Dom_Node.cpp">
      <Filter>Source Files</Filter>
    </ClCompile>
    <ClCompile Include="src\Dom_Node_List.cpp">
      <Filter>Source Files</Filter>
    </ClCompile>
    <ClCompile Include="src\Menu_Entry.cpp">
      <Filter>Source Files</Filter>
    </ClCompile>
    <ClCompile Include="src\Indicator.cpp">
      <Filter>Source Files</Filter>
    </ClCompile>
    <ClCompile Include="src\List_View.cpp">
      <Filter>Source Files</Filter>
    </ClCompile>
    <ClCompile Include="src\Report_View.cpp">
      <Filter>Source Files</Filter>
    </ClCompile>
    <ClCompile Include="src\Column_Header.cpp">
      <Filter>Source Files</Filter>
    </ClCompile>
  </ItemGroup>
  <ItemGroup>
    <ClInclude Include="src\Clipboard.h">
      <Filter>Source Files</Filter>
    </ClInclude>
    <ClInclude Include="src\Dom_Document.h">
      <Filter>Source Files</Filter>
    </ClInclude>
    <ClInclude Include="src\Encoding.h">
      <Filter>Source Files</Filter>
    </ClInclude>
    <ClInclude Include="src\File_Linter.h">
      <Filter>Source Files</Filter>
    </ClInclude>
    <ClInclude Include="src\Child_Pipe.h">
      <Filter>Source Files</Filter>
    </ClInclude>
    <ClInclude Include="src\Handle_Wrapper.h">
      <Filter>Source Files</Filter>
    </ClInclude>
    <ClInclude Include="src\Linter.h">
      <Filter>Source Files</Filter>
    </ClInclude>
    <ClInclude Include="src\Output_Dialogue.h">
      <Filter>Source Files</Filter>
    </ClInclude>
    <ClInclude Include="src\Settings.h">
      <Filter>Source Files</Filter>
    </ClInclude>
    <ClInclude Include="src\stdafx.h">
      <Filter>Source Files</Filter>
    </ClInclude>
    <ClInclude Include="src\System_Error.h">
      <Filter>Source Files</Filter>
    </ClInclude>
    <ClInclude Include="src\targetver.h">
      <Filter>Source Files</Filter>
    </ClInclude>
    <ClInclude Include="src\XML_Decode_Error.h">
      <Filter>Source Files</Filter>
    </ClInclude>
    <ClInclude Include="src\Checkstyle_Parser.h">
      <Filter>Source Files</Filter>
    </ClInclude>
    <ClInclude Include="src\resource.h">
      <Filter>Resource Files</Filter>
    </ClInclude>
    <ClInclude Include="Docking_Dialogue_Interface\Plugin\Callback_Context.h">
      <Filter>Git Submodules\Docking Dialogue Interface</Filter>
    </ClInclude>
    <ClInclude Include="Docking_Dialogue_Interface\Plugin\Dialogue_Interface.h">
      <Filter>Git Submodules\Docking Dialogue Interface</Filter>
    </ClInclude>
    <ClInclude Include="Docking_Dialogue_Interface\Plugin\Docking_Dialogue_Interface.h">
      <Filter>Git Submodules\Docking Dialogue Interface</Filter>
    </ClInclude>
    <ClInclude Include="Docking_Dialogue_Interface\Plugin\Min_Win_Defs.h">
      <Filter>Git Submodules\Docking Dialogue Interface</Filter>
    </ClInclude>
    <ClInclude Include="Docking_Dialogue_Interface\Plugin\Modal_Dialogue_Interface.h">
      <Filter>Git Submodules\Docking Dialogue Interface</Filter>
    </ClInclude>
    <ClInclude Include="Docking_Dialogue_Interface\Plugin\Non_Modal_Dialogue_Base.h">
      <Filter>Git Submodules\Docking Dialogue Interface</Filter>
    </ClInclude>
    <ClInclude Include="Docking_Dialogue_Interface\Plugin\Non_Modal_Dialogue_Interface.h">
      <Filter>Git Submodules\Docking Dialogue Interface</Filter>
    </ClInclude>
    <ClInclude Include="Docking_Dialogue_Interface\Plugin\Plugin.h">
      <Filter>Git Submodules\Docking Dialogue Interface</Filter>
    </ClInclude>
    <ClInclude Include="Docking_Dialogue_Interface\notepad++\menuCmdID.h">
      <Filter>Git Submodules\Notepad++</Filter>
    </ClInclude>
    <ClInclude Include="Docking_Dialogue_Interface\notepad++\Notepad_plus_msgs.h">
      <Filter>Git Submodules\Notepad++</Filter>
    </ClInclude>
    <ClInclude Include="Docking_Dialogue_Interface\notepad++\PluginInterface.h">
      <Filter>Git Submodules\Notepad++</Filter>
    </ClInclude>
    <ClInclude Include="Docking_Dialogue_Interface\notepad++\Scintilla.h">
      <Filter>Git Submodules\Notepad++</Filter>
    </ClInclude>
    <ClInclude Include="Docking_Dialogue_Interface\notepad++\DockingFeature\Docking.h">
      <Filter>Git Submodules\Notepad++\DockingFeature</Filter>
    </ClInclude>
    <ClInclude Include="Docking_Dialogue_Interface\notepad++\DockingFeature\dockingResource.h">
      <Filter>Git Submodules\Notepad++\DockingFeature</Filter>
    </ClInclude>
    <ClInclude Include="src\Dom_Node.h">
      <Filter>Source Files</Filter>
    </ClInclude>
    <ClInclude Include="src\Dom_Node_List.h">
      <Filter>Source Files</Filter>
    </ClInclude>
    <ClInclude Include="src\Menu_Entry.h">
      <Filter>Source Files</Filter>
    </ClInclude>
    <ClInclude Include="src\Indicator.h">
      <Filter>Source Files</Filter>
    </ClInclude>
    <ClInclude Include="src\Error_Info.h">
      <Filter>Source Files</Filter>
    </ClInclude>
    <ClInclude Include="src\List_View.h">
      <Filter>Source Files</Filter>
    </ClInclude>
    <ClInclude Include="src\Report_View.h">
      <Filter>Source Files</Filter>
    </ClInclude>
    <ClInclude Include="src\Casts.h">
      <Filter>Source Files</Filter>
    </ClInclude>
    <ClInclude Include="src\Column_Header.h">
      <Filter>Source Files</Filter>
    </ClInclude>
    <ClInclude Include="src\List_View_Types.h">
      <Filter>Source Files</Filter>
    </ClInclude>
  </ItemGroup>
  <ItemGroup>
    <ResourceCompile Include="src\Resource.rc">
      <Filter>Resource Files</Filter>
    </ResourceCompile>
  </ItemGroup>
  <ItemGroup>
    <None Include=".clang-format" />
    <None Include="post-build.ps1" />
    <None Include="README.md" />
    <None Include="iwyu.bat" />
    <None Include="vs2022cpp20.imp" />
    <None Include=".github\dependabot.yml">
      <Filter>Github</Filter>
    </None>
    <None Include=".github\workflows\CI_build.yml">
      <Filter>Github\Workflows</Filter>
    </None>
    <None Include=".github\workflows\codeql-analysis.yml">
      <Filter>Github\Workflows</Filter>
    </None>
    <None Include="gen_version_h.ps1" />
    <None Include=".github\workflows\CI_pull_request.yml">
      <Filter>Github\Workflows</Filter>
    </None>
    <None Include=".github\workflows\CI_release.yml">
      <Filter>Github\Workflows</Filter>
    </None>
    <None Include="PSScriptAnalyzerSettings.psd1" />
    <None Include="Changes.md" />
    <None Include=".remarkrc.yaml" />
  </ItemGroup>
  <ItemGroup>
    <Image Include="src\linter.ico">
      <Filter>Resource Files</Filter>
    </Image>
    <Image Include="img\1.jpg">
      <Filter>Resource Files</Filter>
    </Image>
    <Image Include="img\2.png">
      <Filter>Resource Files</Filter>
    </Image>
  </ItemGroup>
  <ItemGroup>
    <CopyFileToFolders Include="tools\powershell-linter.ps1">
      <Filter>Tools</Filter>
    </CopyFileToFolders>
    <CopyFileToFolders Include="tools\remark-linter.ps1">
      <Filter>Tools</Filter>
    </CopyFileToFolders>
    <CopyFileToFolders Include="src\Linter++.xsd">
      <Filter>Resource Files</Filter>
    </CopyFileToFolders>
    <CopyFileToFolders Include="tools\markdown-linter.ps1">
      <Filter>Tools</Filter>
    </CopyFileToFolders>
  </ItemGroup>
</Project>